<?xml version="1.0" encoding="UTF-8" standalone="yes" ?>
<CodeBlocks_project_file>
	<FileVersion major="1" minor="6" />
	<Project>
		<Option title="botvinnik" />
		<Option pch_mode="2" />
		<Option compiler="gcc" />
		<Build>
			<Target title="Debug">
				<Option output="bin/Debug/botvinnik" prefix_auto="1" extension_auto="1" />
				<Option object_output="obj/Debug/" />
				<Option type="1" />
				<Option compiler="gcc" />
				<Compiler>
					<Add option="-g" />
				</Compiler>
			</Target>
			<Target title="Release">
				<Option output="bin/Release/botvinnik" prefix_auto="1" extension_auto="1" />
				<Option object_output="obj/Release/" />
				<Option type="1" />
				<Option compiler="gcc" />
				<Compiler>
					<Add option="-O2" />
				</Compiler>
				<Linker>
					<Add option="-s" />
				</Linker>
			</Target>
		</Build>
		<Compiler>
			<Add option="-Weffc++" />
			<Add option="-Wall" />
			<Add option="-std=c++17" />
			<Add option="-fexceptions" />
		</Compiler>
		<Linker>
			<Add library="curl" />
		</Linker>
		<Unit filename="../../third-party/nlohmann/json.hpp" />
		<Unit filename="../../third-party/simdjson/simdjson.cpp" />
		<Unit filename="../../third-party/simdjson/simdjson.h" />
		<Unit filename="../ReturnCodes.hpp" />
		<Unit filename="../Version.hpp" />
		<Unit filename="../conf/Configuration.cpp" />
		<Unit filename="../conf/Configuration.hpp" />
		<Unit filename="../matrix/Matrix.cpp" />
		<Unit filename="../matrix/Matrix.hpp" />
		<Unit filename="../matrix/Room.hpp" />
		<Unit filename="../matrix/events/RoomMessageText.hpp" />
		<Unit filename="../matrix/events/RoomName.hpp" />
		<Unit filename="../matrix/events/RoomTopic.hpp" />
		<Unit filename="../net/Curly.cpp" />
		<Unit filename="../net/Curly.hpp" />
		<Unit filename="../util/Directories.cpp" />
		<Unit filename="../util/Directories.hpp" />
		<Unit filename="../util/GitInfos.cpp" />
		<Unit filename="../util/GitInfos.hpp" />
		<Unit filename="../util/Strings.cpp" />
		<Unit filename="../util/Strings.hpp" />
		<Unit filename="../util/chrono.cpp" />
		<Unit filename="../util/chrono.hpp" />
		<Unit filename="Bot.cpp" />
		<Unit filename="Bot.hpp" />
		<Unit filename="main.cpp" />
		<Unit filename="plugins/Plugin.hpp" />
		<Unit filename="plugins/core/Basic.cpp" />
		<Unit filename="plugins/core/Basic.hpp" />
		<Unit filename="plugins/core/Help.cpp" />
		<Unit filename="plugins/core/Help.hpp" />
		<Extensions />
	</Project>
</CodeBlocks_project_file>
