<?xml version="1.0" encoding="UTF-8" standalone="yes" ?>
<CodeBlocks_project_file>
	<FileVersion major="1" minor="6" />
	<Project>
		<Option title="botvinnik" />
		<Option pch_mode="2" />
		<Option compiler="gcc" />
		<Build>
			<Target title="Debug">
				<Option output="bin/Debug/botvinnik" prefix_auto="1" extension_auto="1" />
				<Option object_output="obj/Debug/" />
				<Option type="1" />
				<Option compiler="gcc" />
				<Compiler>
					<Add option="-g" />
				</Compiler>
			</Target>
			<Target title="Release">
				<Option output="bin/Release/botvinnik" prefix_auto="1" extension_auto="1" />
				<Option object_output="obj/Release/" />
				<Option type="1" />
				<Option compiler="gcc" />
				<Compiler>
					<Add option="-O2" />
				</Compiler>
				<Linker>
					<Add option="-s" />
				</Linker>
			</Target>
		</Build>
		<Compiler>
			<Add option="-Wshadow" />
			<Add option="-Weffc++" />
			<Add option="-pedantic-errors" />
			<Add option="-pedantic" />
			<Add option="-Wextra" />
			<Add option="-Wall" />
			<Add option="-std=c++17" />
			<Add option="-fexceptions" />
		</Compiler>
		<Linker>
			<Add library="curl" />
			<Add library="sqlite3" />
		</Linker>
		<Unit filename="../../third-party/nlohmann/json.hpp" />
		<Unit filename="../../third-party/nonstd/expected.hpp" />
		<Unit filename="../../third-party/simdjson/simdjson.cpp" />
		<Unit filename="../../third-party/simdjson/simdjson.h" />
		<Unit filename="../ReturnCodes.hpp" />
		<Unit filename="../Version.hpp" />
		<Unit filename="../conf/Configuration.cpp" />
		<Unit filename="../conf/Configuration.hpp" />
		<Unit filename="../matrix/ImageInfo.cpp" />
		<Unit filename="../matrix/ImageInfo.hpp" />
		<Unit filename="../matrix/Matrix.cpp" />
		<Unit filename="../matrix/Matrix.hpp" />
		<Unit filename="../matrix/Message.cpp" />
		<Unit filename="../matrix/Message.hpp" />
		<Unit filename="../matrix/Room.hpp" />
		<Unit filename="../matrix/events/PowerLevels.cpp" />
		<Unit filename="../matrix/events/PowerLevels.hpp" />
		<Unit filename="../matrix/events/RoomMessageText.hpp" />
		<Unit filename="../matrix/events/RoomName.hpp" />
		<Unit filename="../matrix/events/RoomTopic.hpp" />
		<Unit filename="../matrix/json/PowerLevels.cpp" />
		<Unit filename="../matrix/json/PowerLevels.hpp" />
		<Unit filename="../matrix/json/Sync.cpp" />
		<Unit filename="../matrix/json/Sync.hpp" />
		<Unit filename="../net/Curly.cpp" />
		<Unit filename="../net/Curly.hpp" />
		<Unit filename="../net/htmlspecialchars.cpp" />
		<Unit filename="../net/htmlspecialchars.hpp" />
		<Unit filename="../net/url_encode.cpp" />
		<Unit filename="../net/url_encode.hpp" />
		<Unit filename="../util/Directories.cpp" />
		<Unit filename="../util/Directories.hpp" />
		<Unit filename="../util/GitInfos.cpp" />
		<Unit filename="../util/GitInfos.hpp" />
		<Unit filename="../util/Strings.cpp" />
		<Unit filename="../util/Strings.hpp" />
		<Unit filename="../util/chrono.cpp" />
		<Unit filename="../util/chrono.hpp" />
		<Unit filename="../util/sqlite3.cpp" />
		<Unit filename="../util/sqlite3.hpp" />
		<Unit filename="Bot.cpp" />
		<Unit filename="Bot.hpp" />
		<Unit filename="FailCounter.cpp" />
		<Unit filename="FailCounter.hpp" />
		<Unit filename="main.cpp" />
		<Unit filename="plugins/CheatSheet.cpp" />
		<Unit filename="plugins/CheatSheet.hpp" />
		<Unit filename="plugins/DeactivatablePlugin.cpp" />
		<Unit filename="plugins/DeactivatablePlugin.hpp" />
		<Unit filename="plugins/Debian.cpp" />
		<Unit filename="plugins/Debian.hpp" />
		<Unit filename="plugins/Fortune.cpp" />
		<Unit filename="plugins/Fortune.hpp" />
		<Unit filename="plugins/Giphy.cpp" />
		<Unit filename="plugins/Giphy.hpp" />
		<Unit filename="plugins/LibreTranslate.cpp" />
		<Unit filename="plugins/LibreTranslate.hpp" />
		<Unit filename="plugins/Ping.cpp" />
		<Unit filename="plugins/Ping.hpp" />
		<Unit filename="plugins/Plugin.hpp" />
		<Unit filename="plugins/Wikipedia.cpp" />
		<Unit filename="plugins/Wikipedia.hpp" />
		<Unit filename="plugins/convert/Conversion.cpp" />
		<Unit filename="plugins/convert/Conversion.hpp" />
		<Unit filename="plugins/convert/ConvertBases.hpp" />
		<Unit filename="plugins/core/Basic.cpp" />
		<Unit filename="plugins/core/Basic.hpp" />
		<Unit filename="plugins/core/Help.cpp" />
		<Unit filename="plugins/core/Help.hpp" />
		<Unit filename="plugins/core/Rooms.cpp" />
		<Unit filename="plugins/core/Rooms.hpp" />
		<Unit filename="plugins/corona/Corona.cpp" />
		<Unit filename="plugins/corona/Corona.hpp" />
		<Unit filename="plugins/corona/CovidNumbers.cpp" />
		<Unit filename="plugins/corona/CovidNumbers.hpp" />
		<Unit filename="plugins/corona/World.cpp" />
		<Unit filename="plugins/corona/World.hpp" />
		<Unit filename="plugins/weather/Location.cpp" />
		<Unit filename="plugins/weather/Location.hpp" />
		<Unit filename="plugins/weather/LocationLookup.cpp" />
		<Unit filename="plugins/weather/LocationLookup.hpp" />
		<Unit filename="plugins/weather/LocationLookupOpenMeteo.cpp" />
		<Unit filename="plugins/weather/LocationLookupOpenMeteo.hpp" />
		<Unit filename="plugins/weather/LocationLookupOpenStreetMap.cpp" />
		<Unit filename="plugins/weather/LocationLookupOpenStreetMap.hpp" />
		<Unit filename="plugins/weather/OpenMeteo.cpp" />
		<Unit filename="plugins/weather/OpenMeteo.hpp" />
		<Unit filename="plugins/weather/Weather.cpp" />
		<Unit filename="plugins/weather/Weather.hpp" />
		<Unit filename="plugins/weather/WeatherData.cpp" />
		<Unit filename="plugins/weather/WeatherData.hpp" />
		<Unit filename="plugins/xkcd/Xkcd.cpp" />
		<Unit filename="plugins/xkcd/Xkcd.hpp" />
		<Unit filename="plugins/xkcd/XkcdData.cpp" />
		<Unit filename="plugins/xkcd/XkcdData.hpp" />
		<Unit filename="plugins/xkcd/XkcdDb.cpp" />
		<Unit filename="plugins/xkcd/XkcdDb.hpp" />
		<Extensions />
	</Project>
</CodeBlocks_project_file>
