<?xml version="1.0" encoding="UTF-8" standalone="yes" ?>
<CodeBlocks_project_file>
	<FileVersion major="1" minor="6" />
	<Project>
		<Option title="component_tests" />
		<Option pch_mode="2" />
		<Option compiler="gcc" />
		<Build>
			<Target title="Release">
				<Option output="bin/Release/component_tests" prefix_auto="1" extension_auto="1" />
				<Option object_output="obj/Release/" />
				<Option type="1" />
				<Option compiler="gcc" />
				<Compiler>
					<Add option="-O2" />
				</Compiler>
				<Linker>
					<Add option="-s" />
				</Linker>
			</Target>
		</Build>
		<Compiler>
			<Add option="-Wshadow" />
			<Add option="-pedantic-errors" />
			<Add option="-pedantic" />
			<Add option="-Wextra" />
			<Add option="-Wall" />
			<Add option="-std=c++17" />
			<Add option="-fexceptions" />
		</Compiler>
		<Unit filename="../../src/botvinnik/FailCounter.cpp" />
		<Unit filename="../../src/botvinnik/FailCounter.hpp" />
		<Unit filename="../../src/botvinnik/plugins/corona/CovidNumbers.cpp" />
		<Unit filename="../../src/botvinnik/plugins/corona/CovidNumbers.hpp" />
		<Unit filename="../../src/conf/Configuration.cpp" />
		<Unit filename="../../src/conf/Configuration.hpp" />
		<Unit filename="../../src/matrix/events/PowerLevels.cpp" />
		<Unit filename="../../src/matrix/events/PowerLevels.hpp" />
		<Unit filename="../../src/net/htmlspecialchars.cpp" />
		<Unit filename="../../src/net/htmlspecialchars.hpp" />
		<Unit filename="../../src/util/Directories.cpp" />
		<Unit filename="../../src/util/Directories.hpp" />
		<Unit filename="../../src/util/Strings.cpp" />
		<Unit filename="../../src/util/Strings.hpp" />
		<Unit filename="../FileGuard.hpp" />
		<Unit filename="../locate_catch.hpp" />
		<Unit filename="FailCounter.cpp" />
		<Unit filename="PowerLevels.cpp" />
		<Unit filename="calculate_incidence.cpp" />
		<Unit filename="conf/Configuration.cpp" />
		<Unit filename="htmlspecialchars.cpp" />
		<Unit filename="main.cpp" />
		<Extensions>
			<lib_finder disable_auto="1" />
		</Extensions>
	</Project>
</CodeBlocks_project_file>
