<?xml version="1.0" encoding="UTF-8" standalone="yes" ?>
<CodeBlocks_project_file>
	<FileVersion major="1" minor="6" />
	<Project>
		<Option title="json-tests" />
		<Option pch_mode="2" />
		<Option compiler="gcc" />
		<Build>
			<Target title="Release">
				<Option output="bin/Release/json-tests" prefix_auto="1" extension_auto="1" />
				<Option object_output="obj/Release/" />
				<Option type="1" />
				<Option compiler="gcc" />
				<Compiler>
					<Add option="-O2" />
				</Compiler>
				<Linker>
					<Add option="-s" />
				</Linker>
			</Target>
		</Build>
		<Compiler>
			<Add option="-Wshadow" />
			<Add option="-Weffc++" />
			<Add option="-pedantic-errors" />
			<Add option="-pedantic" />
			<Add option="-Wextra" />
			<Add option="-Wall" />
			<Add option="-std=c++17" />
			<Add option="-fexceptions" />
		</Compiler>
		<Unit filename="../../src/matrix/Room.hpp" />
		<Unit filename="../../src/matrix/events/PowerLevels.cpp" />
		<Unit filename="../../src/matrix/events/PowerLevels.hpp" />
		<Unit filename="../../src/matrix/events/RoomMessageText.hpp" />
		<Unit filename="../../src/matrix/events/RoomName.hpp" />
		<Unit filename="../../src/matrix/events/RoomTopic.hpp" />
		<Unit filename="../../src/matrix/json/PowerLevels.cpp" />
		<Unit filename="../../src/matrix/json/PowerLevels.hpp" />
		<Unit filename="../../src/matrix/json/Sync.cpp" />
		<Unit filename="../../src/matrix/json/Sync.hpp" />
		<Unit filename="../../third-party/simdjson/simdjson.cpp" />
		<Unit filename="../../third-party/simdjson/simdjson.h" />
		<Unit filename="../locate_catch.hpp" />
		<Unit filename="PowerLevels.cpp" />
		<Unit filename="Sync.cpp" />
		<Unit filename="main.cpp" />
		<Extensions />
	</Project>
</CodeBlocks_project_file>
